{
  "requires": true,
  "lockfileVersion": 1,
  "dependencies": {
    "bootstrap": {
      "version": "3.3.7",
      "resolved": "https://registry.npmjs.org/bootstrap/-/bootstrap-3.3.7.tgz",
      "integrity": "sha1-WjiTlFSfIzMIdaOxUGVldPip63E="
    },
    "gotmap": {
      "version": "0.1.7",
      "resolved": "https://registry.npmjs.org/gotmap/-/gotmap-0.1.7.tgz",
      "integrity": "sha1-2AHTEmjguhYHTWOBQLWxAjx3ApQ=",
      "requires": {
        "bootstrap": "^3.3.6",
        "jquery": "^2.2.1",
        "leaflet": "^0.7.7"
      }
    },
    "jquery": {
      "version": "2.2.4",
      "resolved": "https://registry.npmjs.org/jquery/-/jquery-2.2.4.tgz",
      "integrity": "sha1-LInWiJterFIqfuoywUUhVZxsvwI="
    },
    "leaflet": {
      "version": "0.7.7",
      "resolved": "https://registry.npmjs.org/leaflet/-/leaflet-0.7.7.tgz",
      "integrity": "sha1-HjUrpU5j0HZFH6NjyQCJDLLPde4="
    }
  }
}
